
Microsoft Visual Studio Solution File, Format Version 12.00
# Visual Studio Version 16
VisualStudioVersion = 16.0.29306.81
MinimumVisualStudioVersion = 10.0.40219.1
Project("{FAE04EC0-301F-11D3-BF4B-00C04F79EFBC}") = "SimpleCalculations", "SimpleCalculations\SimpleCalculations.csproj", "{A7A6D3F8-E831-4A96-9209-0094A8999767}"
EndProject
Global
	GlobalSection(SolutionConfigurationPlatforms) = preSolution
		Debug|Any CPU = Debug|Any CPU
		Release|Any CPU = Release|Any CPU
	EndGlobalSection
	GlobalSection(ProjectConfigurationPlatforms) = postSolution
		{A7A6D3F8-E831-4A96-9209-0094A8999767}.Debug|Any CPU.ActiveCfg = Debug|Any CPU
		{A7A6D3F8-E831-4A96-9209-0094A8999767}.Debug|Any CPU.Build.0 = Debug|Any CPU
		{A7A6D3F8-E831-4A96-9209-0094A8999767}.Release|Any CPU.ActiveCfg = Release|Any CPU
		{A7A6D3F8-E831-4A96-9209-0094A8999767}.Release|Any CPU.Build.0 = Release|Any CPU
	EndGlobalSection
	GlobalSection(SolutionProperties) = preSolution
		HideSolutionNode = FALSE
	EndGlobalSection
	GlobalSection(ExtensibilityGlobals) = postSolution
		SolutionGuid = {1AEB8A7A-9D94-449B-BB7B-9F94FB762394}
	EndGlobalSection
EndGlobal
